
Microsoft Visual Studio Solution File, Format Version 12.00
# Visual Studio Version 17
VisualStudioVersion = 17.4.33122.133
MinimumVisualStudioVersion = 10.0.40219.1
Project("{FAE04EC0-301F-11D3-BF4B-00C04F79EFBC}") = "BusinessLayer", "BusinessLayer.csproj", "{C9B3523B-5AFB-4E34-BE12-FDE412D6BF4D}"
EndProject
Global
	GlobalSection(SolutionConfigurationPlatforms) = preSolution
		Debug|Any CPU = Debug|Any CPU
		Release|Any CPU = Release|Any CPU
	EndGlobalSection
	GlobalSection(ProjectConfigurationPlatforms) = postSolution
		{C9B3523B-5AFB-4E34-BE12-FDE412D6BF4D}.Debug|Any CPU.ActiveCfg = Debug|Any CPU
		{C9B3523B-5AFB-4E34-BE12-FDE412D6BF4D}.Debug|Any CPU.Build.0 = Debug|Any CPU
		{C9B3523B-5AFB-4E34-BE12-FDE412D6BF4D}.Release|Any CPU.ActiveCfg = Release|Any CPU
		{C9B3523B-5AFB-4E34-BE12-FDE412D6BF4D}.Release|Any CPU.Build.0 = Release|Any CPU
	EndGlobalSection
	GlobalSection(SolutionProperties) = preSolution
		HideSolutionNode = FALSE
	EndGlobalSection
	GlobalSection(ExtensibilityGlobals) = postSolution
		SolutionGuid = {53D35B74-05BD-43B5-849C-124AFFEE3DC0}
	EndGlobalSection
EndGlobal
